Microsoft Visual Studio Solution File, Format Version 12.00
# Visual Studio Version 17
VisualStudioVersion = 17.5.2.0
MinimumVisualStudioVersion = 10.0.40219.1
Project("{FAE04EC0-301F-11D3-BF4B-00C04F79EFBC}") = "exercicio-14", "exercicio-14.csproj", "{DD294111-AE3D-602C-9ADF-9FB617A72B16}"
EndProject
Global
	GlobalSection(SolutionConfigurationPlatforms) = preSolution
		Debug|Any CPU = Debug|Any CPU
		Release|Any CPU = Release|Any CPU
	EndGlobalSection
	GlobalSection(ProjectConfigurationPlatforms) = postSolution
		{DD294111-AE3D-602C-9ADF-9FB617A72B16}.Debug|Any CPU.ActiveCfg = Debug|Any CPU
		{DD294111-AE3D-602C-9ADF-9FB617A72B16}.Debug|Any CPU.Build.0 = Debug|Any CPU
		{DD294111-AE3D-602C-9ADF-9FB617A72B16}.Release|Any CPU.ActiveCfg = Release|Any CPU
		{DD294111-AE3D-602C-9ADF-9FB617A72B16}.Release|Any CPU.Build.0 = Release|Any CPU
	EndGlobalSection
	GlobalSection(SolutionProperties) = preSolution
		HideSolutionNode = FALSE
	EndGlobalSection
	GlobalSection(ExtensibilityGlobals) = postSolution
		SolutionGuid = {8F523A77-0B25-4B1E-8C44-4684DB9E79FA}
	EndGlobalSection
EndGlobal
